
Microsoft Visual Studio Solution File, Format Version 12.00
# Visual Studio 14
VisualStudioVersion = 14.0.25123.0
MinimumVisualStudioVersion = 10.0.40219.1
Project("{8BC9CEB8-8B4A-11D0-8D11-00A0C91BC942}") = "function pointers question 1", "function pointers question 1\function pointers question 1.vcxproj", "{AFA8AFDF-4DC3-41DC-8AD5-E8E8DC93C29E}"
EndProject
Global
	GlobalSection(SolutionConfigurationPlatforms) = preSolution
		Debug|x64 = Debug|x64
		Debug|x86 = Debug|x86
		Release|x64 = Release|x64
		Release|x86 = Release|x86
	EndGlobalSection
	GlobalSection(ProjectConfigurationPlatforms) = postSolution
		{AFA8AFDF-4DC3-41DC-8AD5-E8E8DC93C29E}.Debug|x64.ActiveCfg = Debug|x64
		{AFA8AFDF-4DC3-41DC-8AD5-E8E8DC93C29E}.Debug|x64.Build.0 = Debug|x64
		{AFA8AFDF-4DC3-41DC-8AD5-E8E8DC93C29E}.Debug|x86.ActiveCfg = Debug|Win32
		{AFA8AFDF-4DC3-41DC-8AD5-E8E8DC93C29E}.Debug|x86.Build.0 = Debug|Win32
		{AFA8AFDF-4DC3-41DC-8AD5-E8E8DC93C29E}.Release|x64.ActiveCfg = Release|x64
		{AFA8AFDF-4DC3-41DC-8AD5-E8E8DC93C29E}.Release|x64.Build.0 = Release|x64
		{AFA8AFDF-4DC3-41DC-8AD5-E8E8DC93C29E}.Release|x86.ActiveCfg = Release|Win32
		{AFA8AFDF-4DC3-41DC-8AD5-E8E8DC93C29E}.Release|x86.Build.0 = Release|Win32
	EndGlobalSection
	GlobalSection(SolutionProperties) = preSolution
		HideSolutionNode = FALSE
	EndGlobalSection
EndGlobal
